
Microsoft Visual Studio Solution File, Format Version 12.00
# Visual Studio Version 16
VisualStudioVersion = 16.0.31613.86
MinimumVisualStudioVersion = 10.0.40219.1
Project("{FAE04EC0-301F-11D3-BF4B-00C04F79EFBC}") = "ToDoWebApp", "ToDoWebApp\ToDoWebApp.csproj", "{8F61B7D2-CD63-46F5-99F1-2358408AE88D}"
EndProject
Global
	GlobalSection(SolutionConfigurationPlatforms) = preSolution
		Debug|Any CPU = Debug|Any CPU
		Release|Any CPU = Release|Any CPU
	EndGlobalSection
	GlobalSection(ProjectConfigurationPlatforms) = postSolution
		{8F61B7D2-CD63-46F5-99F1-2358408AE88D}.Debug|Any CPU.ActiveCfg = Debug|Any CPU
		{8F61B7D2-CD63-46F5-99F1-2358408AE88D}.Debug|Any CPU.Build.0 = Debug|Any CPU
		{8F61B7D2-CD63-46F5-99F1-2358408AE88D}.Release|Any CPU.ActiveCfg = Release|Any CPU
		{8F61B7D2-CD63-46F5-99F1-2358408AE88D}.Release|Any CPU.Build.0 = Release|Any CPU
	EndGlobalSection
	GlobalSection(SolutionProperties) = preSolution
		HideSolutionNode = FALSE
	EndGlobalSection
	GlobalSection(ExtensibilityGlobals) = postSolution
		SolutionGuid = {9DF18515-A5CB-47EB-8ADA-86F1F70E6276}
	EndGlobalSection
EndGlobal
